
Microsoft Visual Studio Solution File, Format Version 12.00
# Visual Studio Version 16
VisualStudioVersion = 16.0.31112.23
MinimumVisualStudioVersion = 10.0.40219.1
Project("{FAE04EC0-301F-11D3-BF4B-00C04F79EFBC}") = "Imaging.Library", "Imaging.Library\Imaging.Library.csproj", "{E0AFFF7A-47B5-4BAC-8FC4-954302C08624}"
EndProject
Global
	GlobalSection(SolutionConfigurationPlatforms) = preSolution
		Ad-Hoc|Any CPU = Ad-Hoc|Any CPU
		Ad-Hoc|iPhone = Ad-Hoc|iPhone
		Ad-Hoc|iPhoneSimulator = Ad-Hoc|iPhoneSimulator
		AppStore|Any CPU = AppStore|Any CPU
		AppStore|iPhone = AppStore|iPhone
		AppStore|iPhoneSimulator = AppStore|iPhoneSimulator
		Debug|Any CPU = Debug|Any CPU
		Debug|iPhone = Debug|iPhone
		Debug|iPhoneSimulator = Debug|iPhoneSimulator
		Release|Any CPU = Release|Any CPU
		Release|iPhone = Release|iPhone
		Release|iPhoneSimulator = Release|iPhoneSimulator
	EndGlobalSection
	GlobalSection(ProjectConfigurationPlatforms) = postSolution
		{E0AFFF7A-47B5-4BAC-8FC4-954302C08624}.Ad-Hoc|Any CPU.ActiveCfg = Release|Any CPU
		{E0AFFF7A-47B5-4BAC-8FC4-954302C08624}.Ad-Hoc|Any CPU.Build.0 = Release|Any CPU
		{E0AFFF7A-47B5-4BAC-8FC4-954302C08624}.Ad-Hoc|iPhone.ActiveCfg = Release|Any CPU
		{E0AFFF7A-47B5-4BAC-8FC4-954302C08624}.Ad-Hoc|iPhone.Build.0 = Release|Any CPU
		{E0AFFF7A-47B5-4BAC-8FC4-954302C08624}.Ad-Hoc|iPhoneSimulator.ActiveCfg = Release|Any CPU
		{E0AFFF7A-47B5-4BAC-8FC4-954302C08624}.Ad-Hoc|iPhoneSimulator.Build.0 = Release|Any CPU
		{E0AFFF7A-47B5-4BAC-8FC4-954302C08624}.AppStore|Any CPU.ActiveCfg = Release|Any CPU
		{E0AFFF7A-47B5-4BAC-8FC4-954302C08624}.AppStore|Any CPU.Build.0 = Release|Any CPU
		{E0AFFF7A-47B5-4BAC-8FC4-954302C08624}.AppStore|iPhone.ActiveCfg = Release|Any CPU
		{E0AFFF7A-47B5-4BAC-8FC4-954302C08624}.AppStore|iPhone.Build.0 = Release|Any CPU
		{E0AFFF7A-47B5-4BAC-8FC4-954302C08624}.AppStore|iPhoneSimulator.ActiveCfg = Release|Any CPU
		{E0AFFF7A-47B5-4BAC-8FC4-954302C08624}.AppStore|iPhoneSimulator.Build.0 = Release|Any CPU
		{E0AFFF7A-47B5-4BAC-8FC4-954302C08624}.Debug|Any CPU.ActiveCfg = Debug|Any CPU
		{E0AFFF7A-47B5-4BAC-8FC4-954302C08624}.Debug|Any CPU.Build.0 = Debug|Any CPU
		{E0AFFF7A-47B5-4BAC-8FC4-954302C08624}.Debug|iPhone.ActiveCfg = Debug|Any CPU
		{E0AFFF7A-47B5-4BAC-8FC4-954302C08624}.Debug|iPhone.Build.0 = Debug|Any CPU
		{E0AFFF7A-47B5-4BAC-8FC4-954302C08624}.Debug|iPhoneSimulator.ActiveCfg = Debug|Any CPU
		{E0AFFF7A-47B5-4BAC-8FC4-954302C08624}.Debug|iPhoneSimulator.Build.0 = Debug|Any CPU
		{E0AFFF7A-47B5-4BAC-8FC4-954302C08624}.Release|Any CPU.ActiveCfg = Release|Any CPU
		{E0AFFF7A-47B5-4BAC-8FC4-954302C08624}.Release|Any CPU.Build.0 = Release|Any CPU
		{E0AFFF7A-47B5-4BAC-8FC4-954302C08624}.Release|iPhone.ActiveCfg = Release|Any CPU
		{E0AFFF7A-47B5-4BAC-8FC4-954302C08624}.Release|iPhone.Build.0 = Release|Any CPU
		{E0AFFF7A-47B5-4BAC-8FC4-954302C08624}.Release|iPhoneSimulator.ActiveCfg = Release|Any CPU
		{E0AFFF7A-47B5-4BAC-8FC4-954302C08624}.Release|iPhoneSimulator.Build.0 = Release|Any CPU
	EndGlobalSection
	GlobalSection(SolutionProperties) = preSolution
		HideSolutionNode = FALSE
	EndGlobalSection
	GlobalSection(ExtensibilityGlobals) = postSolution
		SolutionGuid = {47DAF94D-4158-47C8-B8CA-5F3D3FCCEDE2}
	EndGlobalSection
EndGlobal
